
Microsoft Visual Studio Solution File, Format Version 12.00
# Visual Studio 15
VisualStudioVersion = 15.0.26730.3
MinimumVisualStudioVersion = 10.0.40219.1
Project("{9A19103F-16F7-4668-BE54-9A1E7A4F7556}") = "AIBot", "AIBot\AIBot.csproj", "{0D98B61D-29E5-4F5F-AC0A-311F540C094C}"
EndProject
Project("{9A19103F-16F7-4668-BE54-9A1E7A4F7556}") = "AIBot.Core", "AIBot.Core\AIBot.Core.csproj", "{24EC7AEB-ADCB-4D9B-A1EA-5AF166CFD0FD}"
EndProject
Project("{FAE04EC0-301F-11D3-BF4B-00C04F79EFBC}") = "AIBot.Game", "AIBot.Game\AIBot.Game\AIBot.Game.csproj", "{991BAEB1-B732-45ED-8C11-F6EB11E1B403}"
EndProject
Global
	GlobalSection(SolutionConfigurationPlatforms) = preSolution
		Debug|Any CPU = Debug|Any CPU
		Release|Any CPU = Release|Any CPU
	EndGlobalSection
	GlobalSection(ProjectConfigurationPlatforms) = postSolution
		{0D98B61D-29E5-4F5F-AC0A-311F540C094C}.Debug|Any CPU.ActiveCfg = Debug|Any CPU
		{0D98B61D-29E5-4F5F-AC0A-311F540C094C}.Debug|Any CPU.Build.0 = Debug|Any CPU
		{0D98B61D-29E5-4F5F-AC0A-311F540C094C}.Release|Any CPU.ActiveCfg = Release|Any CPU
		{0D98B61D-29E5-4F5F-AC0A-311F540C094C}.Release|Any CPU.Build.0 = Release|Any CPU
		{24EC7AEB-ADCB-4D9B-A1EA-5AF166CFD0FD}.Debug|Any CPU.ActiveCfg = Debug|Any CPU
		{24EC7AEB-ADCB-4D9B-A1EA-5AF166CFD0FD}.Debug|Any CPU.Build.0 = Debug|Any CPU
		{24EC7AEB-ADCB-4D9B-A1EA-5AF166CFD0FD}.Release|Any CPU.ActiveCfg = Release|Any CPU
		{24EC7AEB-ADCB-4D9B-A1EA-5AF166CFD0FD}.Release|Any CPU.Build.0 = Release|Any CPU
		{991BAEB1-B732-45ED-8C11-F6EB11E1B403}.Debug|Any CPU.ActiveCfg = Debug|Any CPU
		{991BAEB1-B732-45ED-8C11-F6EB11E1B403}.Debug|Any CPU.Build.0 = Debug|Any CPU
		{991BAEB1-B732-45ED-8C11-F6EB11E1B403}.Release|Any CPU.ActiveCfg = Release|Any CPU
		{991BAEB1-B732-45ED-8C11-F6EB11E1B403}.Release|Any CPU.Build.0 = Release|Any CPU
	EndGlobalSection
	GlobalSection(SolutionProperties) = preSolution
		HideSolutionNode = FALSE
	EndGlobalSection
	GlobalSection(ExtensibilityGlobals) = postSolution
		SolutionGuid = {6CB78A79-F87D-496D-844F-5432C76BE163}
	EndGlobalSection
EndGlobal
